
Microsoft Visual Studio Solution File, Format Version 12.00
# Visual Studio 15
VisualStudioVersion = 15.0.28307.421
MinimumVisualStudioVersion = 10.0.40219.1
Project("{FAE04EC0-301F-11D3-BF4B-00C04F79EFBC}") = "Business", "Business\Business.csproj", "{C293D25C-2F4C-4CB8-BD8D-725522AF79DD}"
EndProject
Project("{FAE04EC0-301F-11D3-BF4B-00C04F79EFBC}") = "BusinessTests", "BusinessTests\BusinessTests.csproj", "{6AD29B8F-4BDA-4F7E-8FFE-5C9BC89B06FC}"
EndProject
Project("{FAE04EC0-301F-11D3-BF4B-00C04F79EFBC}") = "Data", "Data\Data.csproj", "{AE92A4DE-E23F-43F0-B765-A44C27F6F3D8}"
EndProject
Global
	GlobalSection(SolutionConfigurationPlatforms) = preSolution
		Debug|Any CPU = Debug|Any CPU
		Release|Any CPU = Release|Any CPU
	EndGlobalSection
	GlobalSection(ProjectConfigurationPlatforms) = postSolution
		{C293D25C-2F4C-4CB8-BD8D-725522AF79DD}.Debug|Any CPU.ActiveCfg = Debug|Any CPU
		{C293D25C-2F4C-4CB8-BD8D-725522AF79DD}.Debug|Any CPU.Build.0 = Debug|Any CPU
		{C293D25C-2F4C-4CB8-BD8D-725522AF79DD}.Release|Any CPU.ActiveCfg = Release|Any CPU
		{C293D25C-2F4C-4CB8-BD8D-725522AF79DD}.Release|Any CPU.Build.0 = Release|Any CPU
		{6AD29B8F-4BDA-4F7E-8FFE-5C9BC89B06FC}.Debug|Any CPU.ActiveCfg = Debug|Any CPU
		{6AD29B8F-4BDA-4F7E-8FFE-5C9BC89B06FC}.Debug|Any CPU.Build.0 = Debug|Any CPU
		{6AD29B8F-4BDA-4F7E-8FFE-5C9BC89B06FC}.Release|Any CPU.ActiveCfg = Release|Any CPU
		{6AD29B8F-4BDA-4F7E-8FFE-5C9BC89B06FC}.Release|Any CPU.Build.0 = Release|Any CPU
		{AE92A4DE-E23F-43F0-B765-A44C27F6F3D8}.Debug|Any CPU.ActiveCfg = Debug|Any CPU
		{AE92A4DE-E23F-43F0-B765-A44C27F6F3D8}.Debug|Any CPU.Build.0 = Debug|Any CPU
		{AE92A4DE-E23F-43F0-B765-A44C27F6F3D8}.Release|Any CPU.ActiveCfg = Release|Any CPU
		{AE92A4DE-E23F-43F0-B765-A44C27F6F3D8}.Release|Any CPU.Build.0 = Release|Any CPU
	EndGlobalSection
	GlobalSection(SolutionProperties) = preSolution
		HideSolutionNode = FALSE
	EndGlobalSection
	GlobalSection(ExtensibilityGlobals) = postSolution
		SolutionGuid = {005CFECA-900A-4771-841A-A48968156965}
	EndGlobalSection
EndGlobal
