
Microsoft Visual Studio Solution File, Format Version 12.00
# Visual Studio 15
VisualStudioVersion = 15.0.28307.421
MinimumVisualStudioVersion = 10.0.40219.1
Project("{FAE04EC0-301F-11D3-BF4B-00C04F79EFBC}") = "Business", "Business\Business.csproj", "{FD4AC3B9-CA73-41A6-A56F-B7628D6BDB54}"
EndProject
Global
	GlobalSection(SolutionConfigurationPlatforms) = preSolution
		Debug|Any CPU = Debug|Any CPU
		Release|Any CPU = Release|Any CPU
	EndGlobalSection
	GlobalSection(ProjectConfigurationPlatforms) = postSolution
		{FD4AC3B9-CA73-41A6-A56F-B7628D6BDB54}.Debug|Any CPU.ActiveCfg = Debug|Any CPU
		{FD4AC3B9-CA73-41A6-A56F-B7628D6BDB54}.Debug|Any CPU.Build.0 = Debug|Any CPU
		{FD4AC3B9-CA73-41A6-A56F-B7628D6BDB54}.Release|Any CPU.ActiveCfg = Release|Any CPU
		{FD4AC3B9-CA73-41A6-A56F-B7628D6BDB54}.Release|Any CPU.Build.0 = Release|Any CPU
	EndGlobalSection
	GlobalSection(SolutionProperties) = preSolution
		HideSolutionNode = FALSE
	EndGlobalSection
	GlobalSection(ExtensibilityGlobals) = postSolution
		SolutionGuid = {005CFECA-900A-4771-841A-A48968156965}
	EndGlobalSection
EndGlobal
